
Microsoft Visual Studio Solution File, Format Version 12.00
# Visual Studio Version 17
VisualStudioVersion = 17.7.34202.233
MinimumVisualStudioVersion = 10.0.40219.1
Project("{888888A0-9F3D-457C-B088-3A5042F75D52}") = "Carbon-Emissions-Disclosure-with-AI", "Carbon-Emissions-Disclosure-with-AI.pyproj", "{87E8745B-1E16-48F6-89DA-81763B660DEE}"
EndProject
Global
	GlobalSection(SolutionConfigurationPlatforms) = preSolution
		Debug|Any CPU = Debug|Any CPU
		Release|Any CPU = Release|Any CPU
	EndGlobalSection
	GlobalSection(ProjectConfigurationPlatforms) = postSolution
		{87E8745B-1E16-48F6-89DA-81763B660DEE}.Debug|Any CPU.ActiveCfg = Debug|Any CPU
		{87E8745B-1E16-48F6-89DA-81763B660DEE}.Debug|Any CPU.Build.0 = Debug|Any CPU
		{87E8745B-1E16-48F6-89DA-81763B660DEE}.Release|Any CPU.ActiveCfg = Release|Any CPU
		{87E8745B-1E16-48F6-89DA-81763B660DEE}.Release|Any CPU.Build.0 = Release|Any CPU
	EndGlobalSection
	GlobalSection(SolutionProperties) = preSolution
		HideSolutionNode = FALSE
	EndGlobalSection
	GlobalSection(ExtensibilityGlobals) = postSolution
		SolutionGuid = {8E8C1CF3-5192-4179-A916-4B74B0FA1C1D}
	EndGlobalSection
EndGlobal
